
Microsoft Visual Studio Solution File, Format Version 12.00
# Visual Studio Version 17
VisualStudioVersion = 17.6.33513.286
MinimumVisualStudioVersion = 10.0.40219.1
Project("{FAE04EC0-301F-11D3-BF4B-00C04F79EFBC}") = "DfaMatchBug", "DfaMatchBug.csproj", "{EF09B966-84C8-4C4D-8781-8D2CB8649F0E}"
EndProject
Global
	GlobalSection(SolutionConfigurationPlatforms) = preSolution
		Debug|Any CPU = Debug|Any CPU
		Release|Any CPU = Release|Any CPU
	EndGlobalSection
	GlobalSection(ProjectConfigurationPlatforms) = postSolution
		{EF09B966-84C8-4C4D-8781-8D2CB8649F0E}.Debug|Any CPU.ActiveCfg = Debug|Any CPU
		{EF09B966-84C8-4C4D-8781-8D2CB8649F0E}.Debug|Any CPU.Build.0 = Debug|Any CPU
		{EF09B966-84C8-4C4D-8781-8D2CB8649F0E}.Release|Any CPU.ActiveCfg = Release|Any CPU
		{EF09B966-84C8-4C4D-8781-8D2CB8649F0E}.Release|Any CPU.Build.0 = Release|Any CPU
	EndGlobalSection
	GlobalSection(SolutionProperties) = preSolution
		HideSolutionNode = FALSE
	EndGlobalSection
	GlobalSection(ExtensibilityGlobals) = postSolution
		SolutionGuid = {0D840C52-F5C8-4C7F-ACF1-65F27D6D1EBC}
	EndGlobalSection
EndGlobal
